
Microsoft Visual Studio Solution File, Format Version 12.00
# Visual Studio 15
VisualStudioVersion = 15.0.27703.2047
MinimumVisualStudioVersion = 10.0.40219.1
Project("{2150E333-8FDC-42A3-9474-1A3956D46DE8}") = "src", "src", "{95EB1BAC-66DF-48F8-B52E-DF16D2DCCE7C}"
EndProject
Project("{2150E333-8FDC-42A3-9474-1A3956D46DE8}") = "modules", "modules", "{DE6DEA35-28DE-483F-BCF6-27D775F10B55}"
EndProject
Project("{FAE04EC0-301F-11D3-BF4B-00C04F79EFBC}") = "SeedExtensions", "src\SeedExtensions\SeedExtensions.csproj", "{14E77EDE-1CAA-4B41-BBE3-7EB433ED3071}"
EndProject
Project("{9A19103F-16F7-4668-BE54-9A1E7A4F7556}") = "SeedModules.Acc", "modules\SeedModules.Acc\SeedModules.Acc.csproj", "{76C1749E-29E5-4E36-90F4-447CC9E32C4A}"
EndProject
Project("{2150E333-8FDC-42A3-9474-1A3956D46DE8}") = "targets", "targets", "{0AB79810-0F29-499B-90B1-2125D23B0BBB}"
EndProject
Project("{FAE04EC0-301F-11D3-BF4B-00C04F79EFBC}") = "SeedExtensions.Targets", "targets\SeedExtensions.Targets\SeedExtensions.Targets.csproj", "{C117FE0D-11E3-4DDA-A2CA-A85CDA7E79B7}"
EndProject
Project("{2150E333-8FDC-42A3-9474-1A3956D46DE8}") = "Solution Items", "Solution Items", "{A14C226F-F977-4C14-B0E0-24E71BF15C21}"
	ProjectSection(SolutionItems) = preProject
		.eslintrc = .eslintrc
		.gitattributes = .gitattributes
		.gitignore = .gitignore
		.jshintrc = .jshintrc
		gulpfile.js = gulpfile.js
		less-watch.json = less-watch.json
		package.json = package.json
		tsconfig.json = tsconfig.json
		tslint.json = tslint.json
	EndProjectSection
EndProject
Project("{FAE04EC0-301F-11D3-BF4B-00C04F79EFBC}") = "SeedModules.CarManage", "modules\SeedModules.CarManage\SeedModules.CarManage.csproj", "{40A1F25A-026F-454D-902F-20DE44FEFB8C}"
EndProject
Global
	GlobalSection(SolutionConfigurationPlatforms) = preSolution
		Debug|Any CPU = Debug|Any CPU
		Release|Any CPU = Release|Any CPU
	EndGlobalSection
	GlobalSection(ProjectConfigurationPlatforms) = postSolution
		{14E77EDE-1CAA-4B41-BBE3-7EB433ED3071}.Debug|Any CPU.ActiveCfg = Debug|Any CPU
		{14E77EDE-1CAA-4B41-BBE3-7EB433ED3071}.Debug|Any CPU.Build.0 = Debug|Any CPU
		{14E77EDE-1CAA-4B41-BBE3-7EB433ED3071}.Release|Any CPU.ActiveCfg = Release|Any CPU
		{14E77EDE-1CAA-4B41-BBE3-7EB433ED3071}.Release|Any CPU.Build.0 = Release|Any CPU
		{76C1749E-29E5-4E36-90F4-447CC9E32C4A}.Debug|Any CPU.ActiveCfg = Debug|Any CPU
		{76C1749E-29E5-4E36-90F4-447CC9E32C4A}.Debug|Any CPU.Build.0 = Debug|Any CPU
		{76C1749E-29E5-4E36-90F4-447CC9E32C4A}.Release|Any CPU.ActiveCfg = Release|Any CPU
		{76C1749E-29E5-4E36-90F4-447CC9E32C4A}.Release|Any CPU.Build.0 = Release|Any CPU
		{C117FE0D-11E3-4DDA-A2CA-A85CDA7E79B7}.Debug|Any CPU.ActiveCfg = Debug|Any CPU
		{C117FE0D-11E3-4DDA-A2CA-A85CDA7E79B7}.Debug|Any CPU.Build.0 = Debug|Any CPU
		{C117FE0D-11E3-4DDA-A2CA-A85CDA7E79B7}.Release|Any CPU.ActiveCfg = Release|Any CPU
		{C117FE0D-11E3-4DDA-A2CA-A85CDA7E79B7}.Release|Any CPU.Build.0 = Release|Any CPU
		{40A1F25A-026F-454D-902F-20DE44FEFB8C}.Debug|Any CPU.ActiveCfg = Debug|Any CPU
		{40A1F25A-026F-454D-902F-20DE44FEFB8C}.Debug|Any CPU.Build.0 = Debug|Any CPU
		{40A1F25A-026F-454D-902F-20DE44FEFB8C}.Release|Any CPU.ActiveCfg = Release|Any CPU
		{40A1F25A-026F-454D-902F-20DE44FEFB8C}.Release|Any CPU.Build.0 = Release|Any CPU
	EndGlobalSection
	GlobalSection(SolutionProperties) = preSolution
		HideSolutionNode = FALSE
	EndGlobalSection
	GlobalSection(NestedProjects) = preSolution
		{14E77EDE-1CAA-4B41-BBE3-7EB433ED3071} = {95EB1BAC-66DF-48F8-B52E-DF16D2DCCE7C}
		{76C1749E-29E5-4E36-90F4-447CC9E32C4A} = {DE6DEA35-28DE-483F-BCF6-27D775F10B55}
		{C117FE0D-11E3-4DDA-A2CA-A85CDA7E79B7} = {0AB79810-0F29-499B-90B1-2125D23B0BBB}
		{40A1F25A-026F-454D-902F-20DE44FEFB8C} = {DE6DEA35-28DE-483F-BCF6-27D775F10B55}
	EndGlobalSection
	GlobalSection(ExtensibilityGlobals) = postSolution
		SolutionGuid = {7413C3D6-7E4B-419A-9B1F-08F01FE2CB9C}
	EndGlobalSection
EndGlobal
